
Microsoft Visual Studio Solution File, Format Version 12.00
# Visual Studio Version 17
VisualStudioVersion = 17.5.002.0
MinimumVisualStudioVersion = 10.0.40219.1
Project("{9A19103F-16F7-4668-BE54-9A1E7A4F7556}") = "TRABALHOELETROPONTO", "TRABALHOELETROPONTO.csproj", "{F3A1EF7A-0C92-4CCB-8009-DF91B04D2742}"
EndProject
Global
	GlobalSection(SolutionConfigurationPlatforms) = preSolution
		Debug|Any CPU = Debug|Any CPU
		Release|Any CPU = Release|Any CPU
	EndGlobalSection
	GlobalSection(ProjectConfigurationPlatforms) = postSolution
		{F3A1EF7A-0C92-4CCB-8009-DF91B04D2742}.Debug|Any CPU.ActiveCfg = Debug|Any CPU
		{F3A1EF7A-0C92-4CCB-8009-DF91B04D2742}.Debug|Any CPU.Build.0 = Debug|Any CPU
		{F3A1EF7A-0C92-4CCB-8009-DF91B04D2742}.Release|Any CPU.ActiveCfg = Release|Any CPU
		{F3A1EF7A-0C92-4CCB-8009-DF91B04D2742}.Release|Any CPU.Build.0 = Release|Any CPU
	EndGlobalSection
	GlobalSection(SolutionProperties) = preSolution
		HideSolutionNode = FALSE
	EndGlobalSection
	GlobalSection(ExtensibilityGlobals) = postSolution
		SolutionGuid = {196CBC93-8950-4B71-9392-75E79E17CC90}
	EndGlobalSection
EndGlobal
